
Microsoft Visual Studio Solution File, Format Version 12.00
# Visual Studio Version 17
VisualStudioVersion = 17.0.31903.59
MinimumVisualStudioVersion = 10.0.40219.1
Project("{FAE04EC0-301F-11D3-BF4B-00C04F79EFBC}") = "Mock-Test", "Mock-Test\Mock-Test.csproj", "{2279C3A2-1BD7-4BEE-87DA-A67032BE0EFF}"
EndProject
Global
	GlobalSection(SolutionConfigurationPlatforms) = preSolution
		Debug|Any CPU = Debug|Any CPU
		Release|Any CPU = Release|Any CPU
	EndGlobalSection
	GlobalSection(ProjectConfigurationPlatforms) = postSolution
		{2279C3A2-1BD7-4BEE-87DA-A67032BE0EFF}.Debug|Any CPU.ActiveCfg = Debug|Any CPU
		{2279C3A2-1BD7-4BEE-87DA-A67032BE0EFF}.Debug|Any CPU.Build.0 = Debug|Any CPU
		{2279C3A2-1BD7-4BEE-87DA-A67032BE0EFF}.Release|Any CPU.ActiveCfg = Release|Any CPU
		{2279C3A2-1BD7-4BEE-87DA-A67032BE0EFF}.Release|Any CPU.Build.0 = Release|Any CPU
	EndGlobalSection
	GlobalSection(SolutionProperties) = preSolution
		HideSolutionNode = FALSE
	EndGlobalSection
	GlobalSection(ExtensibilityGlobals) = postSolution
		SolutionGuid = {4050CD9C-D354-4C7B-8EFC-5AC6359C081E}
	EndGlobalSection
EndGlobal
